
Microsoft Visual Studio Solution File, Format Version 12.00
# Visual Studio Version 16
VisualStudioVersion = 16.0.30002.166
MinimumVisualStudioVersion = 10.0.40219.1
Project("{FAE04EC0-301F-11D3-BF4B-00C04F79EFBC}") = "SwitchControlToggleDialog", "SwitchControlToggleDialog\SwitchControlToggleDialog.csproj", "{406D77F0-2781-4103-8F63-656717D80463}"
EndProject
Project("{FAE04EC0-301F-11D3-BF4B-00C04F79EFBC}") = "SwitchControlToggleDialog.Android", "SwitchControlToggleDialog.Android\SwitchControlToggleDialog.Android.csproj", "{91E25169-9039-4CB5-BBC3-666D1BF85AD6}"
EndProject
Project("{FAE04EC0-301F-11D3-BF4B-00C04F79EFBC}") = "SwitchControlToggleDialog.iOS", "SwitchControlToggleDialog.iOS\SwitchControlToggleDialog.iOS.csproj", "{6D32296E-431E-4711-BFBD-8C595F7B952E}"
EndProject
Project("{FAE04EC0-301F-11D3-BF4B-00C04F79EFBC}") = "SwitchControlToggleDialog.UWP", "SwitchControlToggleDialog.UWP\SwitchControlToggleDialog.UWP.csproj", "{E9B56B2F-6911-468C-9987-B3717D99BBAE}"
EndProject
Global
	GlobalSection(SolutionConfigurationPlatforms) = preSolution
		Ad-Hoc|Any CPU = Ad-Hoc|Any CPU
		Ad-Hoc|ARM = Ad-Hoc|ARM
		Ad-Hoc|iPhone = Ad-Hoc|iPhone
		Ad-Hoc|iPhoneSimulator = Ad-Hoc|iPhoneSimulator
		Ad-Hoc|x64 = Ad-Hoc|x64
		Ad-Hoc|x86 = Ad-Hoc|x86
		AppStore|Any CPU = AppStore|Any CPU
		AppStore|ARM = AppStore|ARM
		AppStore|iPhone = AppStore|iPhone
		AppStore|iPhoneSimulator = AppStore|iPhoneSimulator
		AppStore|x64 = AppStore|x64
		AppStore|x86 = AppStore|x86
		Debug|Any CPU = Debug|Any CPU
		Debug|ARM = Debug|ARM
		Debug|iPhone = Debug|iPhone
		Debug|iPhoneSimulator = Debug|iPhoneSimulator
		Debug|x64 = Debug|x64
		Debug|x86 = Debug|x86
		Release|Any CPU = Release|Any CPU
		Release|ARM = Release|ARM
		Release|iPhone = Release|iPhone
		Release|iPhoneSimulator = Release|iPhoneSimulator
		Release|x64 = Release|x64
		Release|x86 = Release|x86
	EndGlobalSection
	GlobalSection(ProjectConfigurationPlatforms) = postSolution
		{406D77F0-2781-4103-8F63-656717D80463}.Ad-Hoc|Any CPU.ActiveCfg = Debug|Any CPU
		{406D77F0-2781-4103-8F63-656717D80463}.Ad-Hoc|Any CPU.Build.0 = Debug|Any CPU
		{406D77F0-2781-4103-8F63-656717D80463}.Ad-Hoc|ARM.ActiveCfg = Debug|Any CPU
		{406D77F0-2781-4103-8F63-656717D80463}.Ad-Hoc|ARM.Build.0 = Debug|Any CPU
		{406D77F0-2781-4103-8F63-656717D80463}.Ad-Hoc|iPhone.ActiveCfg = Debug|Any CPU
		{406D77F0-2781-4103-8F63-656717D80463}.Ad-Hoc|iPhone.Build.0 = Debug|Any CPU
		{406D77F0-2781-4103-8F63-656717D80463}.Ad-Hoc|iPhoneSimulator.ActiveCfg = Debug|Any CPU
		{406D77F0-2781-4103-8F63-656717D80463}.Ad-Hoc|iPhoneSimulator.Build.0 = Debug|Any CPU
		{406D77F0-2781-4103-8F63-656717D80463}.Ad-Hoc|x64.ActiveCfg = Debug|Any CPU
		{406D77F0-2781-4103-8F63-656717D80463}.Ad-Hoc|x64.Build.0 = Debug|Any CPU
		{406D77F0-2781-4103-8F63-656717D80463}.Ad-Hoc|x86.ActiveCfg = Debug|Any CPU
		{406D77F0-2781-4103-8F63-656717D80463}.Ad-Hoc|x86.Build.0 = Debug|Any CPU
		{406D77F0-2781-4103-8F63-656717D80463}.AppStore|Any CPU.ActiveCfg = Debug|Any CPU
		{406D77F0-2781-4103-8F63-656717D80463}.AppStore|Any CPU.Build.0 = Debug|Any CPU
		{406D77F0-2781-4103-8F63-656717D80463}.AppStore|ARM.ActiveCfg = Debug|Any CPU
		{406D77F0-2781-4103-8F63-656717D80463}.AppStore|ARM.Build.0 = Debug|Any CPU
		{406D77F0-2781-4103-8F63-656717D80463}.AppStore|iPhone.ActiveCfg = Debug|Any CPU
		{406D77F0-2781-4103-8F63-656717D80463}.AppStore|iPhone.Build.0 = Debug|Any CPU
		{406D77F0-2781-4103-8F63-656717D80463}.AppStore|iPhoneSimulator.ActiveCfg = Debug|Any CPU
		{406D77F0-2781-4103-8F63-656717D80463}.AppStore|iPhoneSimulator.Build.0 = Debug|Any CPU
		{406D77F0-2781-4103-8F63-656717D80463}.AppStore|x64.ActiveCfg = Debug|Any CPU
		{406D77F0-2781-4103-8F63-656717D80463}.AppStore|x64.Build.0 = Debug|Any CPU
		{406D77F0-2781-4103-8F63-656717D80463}.AppStore|x86.ActiveCfg = Debug|Any CPU
		{406D77F0-2781-4103-8F63-656717D80463}.AppStore|x86.Build.0 = Debug|Any CPU
		{406D77F0-2781-4103-8F63-656717D80463}.Debug|Any CPU.ActiveCfg = Debug|Any CPU
		{406D77F0-2781-4103-8F63-656717D80463}.Debug|Any CPU.Build.0 = Debug|Any CPU
		{406D77F0-2781-4103-8F63-656717D80463}.Debug|ARM.ActiveCfg = Debug|Any CPU
		{406D77F0-2781-4103-8F63-656717D80463}.Debug|ARM.Build.0 = Debug|Any CPU
		{406D77F0-2781-4103-8F63-656717D80463}.Debug|iPhone.ActiveCfg = Debug|Any CPU
		{406D77F0-2781-4103-8F63-656717D80463}.Debug|iPhone.Build.0 = Debug|Any CPU
		{406D77F0-2781-4103-8F63-656717D80463}.Debug|iPhoneSimulator.ActiveCfg = Debug|Any CPU
		{406D77F0-2781-4103-8F63-656717D80463}.Debug|iPhoneSimulator.Build.0 = Debug|Any CPU
		{406D77F0-2781-4103-8F63-656717D80463}.Debug|x64.ActiveCfg = Debug|Any CPU
		{406D77F0-2781-4103-8F63-656717D80463}.Debug|x64.Build.0 = Debug|Any CPU
		{406D77F0-2781-4103-8F63-656717D80463}.Debug|x86.ActiveCfg = Debug|Any CPU
		{406D77F0-2781-4103-8F63-656717D80463}.Debug|x86.Build.0 = Debug|Any CPU
		{406D77F0-2781-4103-8F63-656717D80463}.Release|Any CPU.ActiveCfg = Release|Any CPU
		{406D77F0-2781-4103-8F63-656717D80463}.Release|Any CPU.Build.0 = Release|Any CPU
		{406D77F0-2781-4103-8F63-656717D80463}.Release|ARM.ActiveCfg = Release|Any CPU
		{406D77F0-2781-4103-8F63-656717D80463}.Release|ARM.Build.0 = Release|Any CPU
		{406D77F0-2781-4103-8F63-656717D80463}.Release|iPhone.ActiveCfg = Release|Any CPU
		{406D77F0-2781-4103-8F63-656717D80463}.Release|iPhone.Build.0 = Release|Any CPU
		{406D77F0-2781-4103-8F63-656717D80463}.Release|iPhoneSimulator.ActiveCfg = Release|Any CPU
		{406D77F0-2781-4103-8F63-656717D80463}.Release|iPhoneSimulator.Build.0 = Release|Any CPU
		{406D77F0-2781-4103-8F63-656717D80463}.Release|x64.ActiveCfg = Release|Any CPU
		{406D77F0-2781-4103-8F63-656717D80463}.Release|x64.Build.0 = Release|Any CPU
		{406D77F0-2781-4103-8F63-656717D80463}.Release|x86.ActiveCfg = Release|Any CPU
		{406D77F0-2781-4103-8F63-656717D80463}.Release|x86.Build.0 = Release|Any CPU
		{91E25169-9039-4CB5-BBC3-666D1BF85AD6}.Ad-Hoc|Any CPU.ActiveCfg = Release|Any CPU
		{91E25169-9039-4CB5-BBC3-666D1BF85AD6}.Ad-Hoc|Any CPU.Build.0 = Release|Any CPU
		{91E25169-9039-4CB5-BBC3-666D1BF85AD6}.Ad-Hoc|Any CPU.Deploy.0 = Release|Any CPU
		{91E25169-9039-4CB5-BBC3-666D1BF85AD6}.Ad-Hoc|ARM.ActiveCfg = Release|Any CPU
		{91E25169-9039-4CB5-BBC3-666D1BF85AD6}.Ad-Hoc|ARM.Build.0 = Release|Any CPU
		{91E25169-9039-4CB5-BBC3-666D1BF85AD6}.Ad-Hoc|ARM.Deploy.0 = Release|Any CPU
		{91E25169-9039-4CB5-BBC3-666D1BF85AD6}.Ad-Hoc|iPhone.ActiveCfg = Release|Any CPU
		{91E25169-9039-4CB5-BBC3-666D1BF85AD6}.Ad-Hoc|iPhone.Build.0 = Release|Any CPU
		{91E25169-9039-4CB5-BBC3-666D1BF85AD6}.Ad-Hoc|iPhone.Deploy.0 = Release|Any CPU
		{91E25169-9039-4CB5-BBC3-666D1BF85AD6}.Ad-Hoc|iPhoneSimulator.ActiveCfg = Release|Any CPU
		{91E25169-9039-4CB5-BBC3-666D1BF85AD6}.Ad-Hoc|iPhoneSimulator.Build.0 = Release|Any CPU
		{91E25169-9039-4CB5-BBC3-666D1BF85AD6}.Ad-Hoc|iPhoneSimulator.Deploy.0 = Release|Any CPU
		{91E25169-9039-4CB5-BBC3-666D1BF85AD6}.Ad-Hoc|x64.ActiveCfg = Release|Any CPU
		{91E25169-9039-4CB5-BBC3-666D1BF85AD6}.Ad-Hoc|x64.Build.0 = Release|Any CPU
		{91E25169-9039-4CB5-BBC3-666D1BF85AD6}.Ad-Hoc|x64.Deploy.0 = Release|Any CPU
		{91E25169-9039-4CB5-BBC3-666D1BF85AD6}.Ad-Hoc|x86.ActiveCfg = Release|Any CPU
		{91E25169-9039-4CB5-BBC3-666D1BF85AD6}.Ad-Hoc|x86.Build.0 = Release|Any CPU
		{91E25169-9039-4CB5-BBC3-666D1BF85AD6}.Ad-Hoc|x86.Deploy.0 = Release|Any CPU
		{91E25169-9039-4CB5-BBC3-666D1BF85AD6}.AppStore|Any CPU.ActiveCfg = Release|Any CPU
		{91E25169-9039-4CB5-BBC3-666D1BF85AD6}.AppStore|Any CPU.Build.0 = Release|Any CPU
		{91E25169-9039-4CB5-BBC3-666D1BF85AD6}.AppStore|Any CPU.Deploy.0 = Release|Any CPU
		{91E25169-9039-4CB5-BBC3-666D1BF85AD6}.AppStore|ARM.ActiveCfg = Release|Any CPU
		{91E25169-9039-4CB5-BBC3-666D1BF85AD6}.AppStore|ARM.Build.0 = Release|Any CPU
		{91E25169-9039-4CB5-BBC3-666D1BF85AD6}.AppStore|ARM.Deploy.0 = Release|Any CPU
		{91E25169-9039-4CB5-BBC3-666D1BF85AD6}.AppStore|iPhone.ActiveCfg = Release|Any CPU
		{91E25169-9039-4CB5-BBC3-666D1BF85AD6}.AppStore|iPhone.Build.0 = Release|Any CPU
		{91E25169-9039-4CB5-BBC3-666D1BF85AD6}.AppStore|iPhone.Deploy.0 = Release|Any CPU
		{91E25169-9039-4CB5-BBC3-666D1BF85AD6}.AppStore|iPhoneSimulator.ActiveCfg = Release|Any CPU
		{91E25169-9039-4CB5-BBC3-666D1BF85AD6}.AppStore|iPhoneSimulator.Build.0 = Release|Any CPU
		{91E25169-9039-4CB5-BBC3-666D1BF85AD6}.AppStore|iPhoneSimulator.Deploy.0 = Release|Any CPU
		{91E25169-9039-4CB5-BBC3-666D1BF85AD6}.AppStore|x64.ActiveCfg = Release|Any CPU
		{91E25169-9039-4CB5-BBC3-666D1BF85AD6}.AppStore|x64.Build.0 = Release|Any CPU
		{91E25169-9039-4CB5-BBC3-666D1BF85AD6}.AppStore|x64.Deploy.0 = Release|Any CPU
		{91E25169-9039-4CB5-BBC3-666D1BF85AD6}.AppStore|x86.ActiveCfg = Release|Any CPU
		{91E25169-9039-4CB5-BBC3-666D1BF85AD6}.AppStore|x86.Build.0 = Release|Any CPU
		{91E25169-9039-4CB5-BBC3-666D1BF85AD6}.AppStore|x86.Deploy.0 = Release|Any CPU
		{91E25169-9039-4CB5-BBC3-666D1BF85AD6}.Debug|Any CPU.ActiveCfg = Debug|Any CPU
		{91E25169-9039-4CB5-BBC3-666D1BF85AD6}.Debug|Any CPU.Build.0 = Debug|Any CPU
		{91E25169-9039-4CB5-BBC3-666D1BF85AD6}.Debug|Any CPU.Deploy.0 = Debug|Any CPU
		{91E25169-9039-4CB5-BBC3-666D1BF85AD6}.Debug|ARM.ActiveCfg = Debug|Any CPU
		{91E25169-9039-4CB5-BBC3-666D1BF85AD6}.Debug|ARM.Build.0 = Debug|Any CPU
		{91E25169-9039-4CB5-BBC3-666D1BF85AD6}.Debug|ARM.Deploy.0 = Debug|Any CPU
		{91E25169-9039-4CB5-BBC3-666D1BF85AD6}.Debug|iPhone.ActiveCfg = Debug|Any CPU
		{91E25169-9039-4CB5-BBC3-666D1BF85AD6}.Debug|iPhone.Build.0 = Debug|Any CPU
		{91E25169-9039-4CB5-BBC3-666D1BF85AD6}.Debug|iPhone.Deploy.0 = Debug|Any CPU
		{91E25169-9039-4CB5-BBC3-666D1BF85AD6}.Debug|iPhoneSimulator.ActiveCfg = Debug|Any CPU
		{91E25169-9039-4CB5-BBC3-666D1BF85AD6}.Debug|iPhoneSimulator.Build.0 = Debug|Any CPU
		{91E25169-9039-4CB5-BBC3-666D1BF85AD6}.Debug|iPhoneSimulator.Deploy.0 = Debug|Any CPU
		{91E25169-9039-4CB5-BBC3-666D1BF85AD6}.Debug|x64.ActiveCfg = Debug|Any CPU
		{91E25169-9039-4CB5-BBC3-666D1BF85AD6}.Debug|x64.Build.0 = Debug|Any CPU
		{91E25169-9039-4CB5-BBC3-666D1BF85AD6}.Debug|x64.Deploy.0 = Debug|Any CPU
		{91E25169-9039-4CB5-BBC3-666D1BF85AD6}.Debug|x86.ActiveCfg = Debug|Any CPU
		{91E25169-9039-4CB5-BBC3-666D1BF85AD6}.Debug|x86.Build.0 = Debug|Any CPU
		{91E25169-9039-4CB5-BBC3-666D1BF85AD6}.Debug|x86.Deploy.0 = Debug|Any CPU
		{91E25169-9039-4CB5-BBC3-666D1BF85AD6}.Release|Any CPU.ActiveCfg = Release|Any CPU
		{91E25169-9039-4CB5-BBC3-666D1BF85AD6}.Release|Any CPU.Build.0 = Release|Any CPU
		{91E25169-9039-4CB5-BBC3-666D1BF85AD6}.Release|Any CPU.Deploy.0 = Release|Any CPU
		{91E25169-9039-4CB5-BBC3-666D1BF85AD6}.Release|ARM.ActiveCfg = Release|Any CPU
		{91E25169-9039-4CB5-BBC3-666D1BF85AD6}.Release|ARM.Build.0 = Release|Any CPU
		{91E25169-9039-4CB5-BBC3-666D1BF85AD6}.Release|ARM.Deploy.0 = Release|Any CPU
		{91E25169-9039-4CB5-BBC3-666D1BF85AD6}.Release|iPhone.ActiveCfg = Release|Any CPU
		{91E25169-9039-4CB5-BBC3-666D1BF85AD6}.Release|iPhone.Build.0 = Release|Any CPU
		{91E25169-9039-4CB5-BBC3-666D1BF85AD6}.Release|iPhone.Deploy.0 = Release|Any CPU
		{91E25169-9039-4CB5-BBC3-666D1BF85AD6}.Release|iPhoneSimulator.ActiveCfg = Release|Any CPU
		{91E25169-9039-4CB5-BBC3-666D1BF85AD6}.Release|iPhoneSimulator.Build.0 = Release|Any CPU
		{91E25169-9039-4CB5-BBC3-666D1BF85AD6}.Release|iPhoneSimulator.Deploy.0 = Release|Any CPU
		{91E25169-9039-4CB5-BBC3-666D1BF85AD6}.Release|x64.ActiveCfg = Release|Any CPU
		{91E25169-9039-4CB5-BBC3-666D1BF85AD6}.Release|x64.Build.0 = Release|Any CPU
		{91E25169-9039-4CB5-BBC3-666D1BF85AD6}.Release|x64.Deploy.0 = Release|Any CPU
		{91E25169-9039-4CB5-BBC3-666D1BF85AD6}.Release|x86.ActiveCfg = Release|Any CPU
		{91E25169-9039-4CB5-BBC3-666D1BF85AD6}.Release|x86.Build.0 = Release|Any CPU
		{91E25169-9039-4CB5-BBC3-666D1BF85AD6}.Release|x86.Deploy.0 = Release|Any CPU
		{6D32296E-431E-4711-BFBD-8C595F7B952E}.Ad-Hoc|Any CPU.ActiveCfg = Ad-Hoc|iPhone
		{6D32296E-431E-4711-BFBD-8C595F7B952E}.Ad-Hoc|ARM.ActiveCfg = Ad-Hoc|iPhone
		{6D32296E-431E-4711-BFBD-8C595F7B952E}.Ad-Hoc|iPhone.ActiveCfg = Ad-Hoc|iPhone
		{6D32296E-431E-4711-BFBD-8C595F7B952E}.Ad-Hoc|iPhone.Build.0 = Ad-Hoc|iPhone
		{6D32296E-431E-4711-BFBD-8C595F7B952E}.Ad-Hoc|iPhoneSimulator.ActiveCfg = Ad-Hoc|iPhoneSimulator
		{6D32296E-431E-4711-BFBD-8C595F7B952E}.Ad-Hoc|iPhoneSimulator.Build.0 = Ad-Hoc|iPhoneSimulator
		{6D32296E-431E-4711-BFBD-8C595F7B952E}.Ad-Hoc|x64.ActiveCfg = Ad-Hoc|iPhone
		{6D32296E-431E-4711-BFBD-8C595F7B952E}.Ad-Hoc|x86.ActiveCfg = Ad-Hoc|iPhone
		{6D32296E-431E-4711-BFBD-8C595F7B952E}.AppStore|Any CPU.ActiveCfg = AppStore|iPhone
		{6D32296E-431E-4711-BFBD-8C595F7B952E}.AppStore|ARM.ActiveCfg = AppStore|iPhone
		{6D32296E-431E-4711-BFBD-8C595F7B952E}.AppStore|iPhone.ActiveCfg = AppStore|iPhone
		{6D32296E-431E-4711-BFBD-8C595F7B952E}.AppStore|iPhone.Build.0 = AppStore|iPhone
		{6D32296E-431E-4711-BFBD-8C595F7B952E}.AppStore|iPhoneSimulator.ActiveCfg = AppStore|iPhoneSimulator
		{6D32296E-431E-4711-BFBD-8C595F7B952E}.AppStore|iPhoneSimulator.Build.0 = AppStore|iPhoneSimulator
		{6D32296E-431E-4711-BFBD-8C595F7B952E}.AppStore|x64.ActiveCfg = AppStore|iPhone
		{6D32296E-431E-4711-BFBD-8C595F7B952E}.AppStore|x86.ActiveCfg = AppStore|iPhone
		{6D32296E-431E-4711-BFBD-8C595F7B952E}.Debug|Any CPU.ActiveCfg = Debug|iPhone
		{6D32296E-431E-4711-BFBD-8C595F7B952E}.Debug|ARM.ActiveCfg = Debug|iPhone
		{6D32296E-431E-4711-BFBD-8C595F7B952E}.Debug|iPhone.ActiveCfg = Debug|iPhone
		{6D32296E-431E-4711-BFBD-8C595F7B952E}.Debug|iPhone.Build.0 = Debug|iPhone
		{6D32296E-431E-4711-BFBD-8C595F7B952E}.Debug|iPhoneSimulator.ActiveCfg = Debug|iPhoneSimulator
		{6D32296E-431E-4711-BFBD-8C595F7B952E}.Debug|iPhoneSimulator.Build.0 = Debug|iPhoneSimulator
		{6D32296E-431E-4711-BFBD-8C595F7B952E}.Debug|x64.ActiveCfg = Debug|iPhone
		{6D32296E-431E-4711-BFBD-8C595F7B952E}.Debug|x86.ActiveCfg = Debug|iPhone
		{6D32296E-431E-4711-BFBD-8C595F7B952E}.Release|Any CPU.ActiveCfg = Release|iPhone
		{6D32296E-431E-4711-BFBD-8C595F7B952E}.Release|ARM.ActiveCfg = Release|iPhone
		{6D32296E-431E-4711-BFBD-8C595F7B952E}.Release|iPhone.ActiveCfg = Release|iPhone
		{6D32296E-431E-4711-BFBD-8C595F7B952E}.Release|iPhone.Build.0 = Release|iPhone
		{6D32296E-431E-4711-BFBD-8C595F7B952E}.Release|iPhoneSimulator.ActiveCfg = Release|iPhoneSimulator
		{6D32296E-431E-4711-BFBD-8C595F7B952E}.Release|iPhoneSimulator.Build.0 = Release|iPhoneSimulator
		{6D32296E-431E-4711-BFBD-8C595F7B952E}.Release|x64.ActiveCfg = Release|iPhone
		{6D32296E-431E-4711-BFBD-8C595F7B952E}.Release|x86.ActiveCfg = Release|iPhone
		{E9B56B2F-6911-468C-9987-B3717D99BBAE}.Ad-Hoc|Any CPU.ActiveCfg = Release|x86
		{E9B56B2F-6911-468C-9987-B3717D99BBAE}.Ad-Hoc|Any CPU.Build.0 = Release|x86
		{E9B56B2F-6911-468C-9987-B3717D99BBAE}.Ad-Hoc|Any CPU.Deploy.0 = Release|x86
		{E9B56B2F-6911-468C-9987-B3717D99BBAE}.Ad-Hoc|ARM.ActiveCfg = Release|ARM
		{E9B56B2F-6911-468C-9987-B3717D99BBAE}.Ad-Hoc|ARM.Build.0 = Release|ARM
		{E9B56B2F-6911-468C-9987-B3717D99BBAE}.Ad-Hoc|ARM.Deploy.0 = Release|ARM
		{E9B56B2F-6911-468C-9987-B3717D99BBAE}.Ad-Hoc|iPhone.ActiveCfg = Release|x86
		{E9B56B2F-6911-468C-9987-B3717D99BBAE}.Ad-Hoc|iPhone.Build.0 = Release|x86
		{E9B56B2F-6911-468C-9987-B3717D99BBAE}.Ad-Hoc|iPhone.Deploy.0 = Release|x86
		{E9B56B2F-6911-468C-9987-B3717D99BBAE}.Ad-Hoc|iPhoneSimulator.ActiveCfg = Release|x86
		{E9B56B2F-6911-468C-9987-B3717D99BBAE}.Ad-Hoc|iPhoneSimulator.Build.0 = Release|x86
		{E9B56B2F-6911-468C-9987-B3717D99BBAE}.Ad-Hoc|iPhoneSimulator.Deploy.0 = Release|x86
		{E9B56B2F-6911-468C-9987-B3717D99BBAE}.Ad-Hoc|x64.ActiveCfg = Release|x64
		{E9B56B2F-6911-468C-9987-B3717D99BBAE}.Ad-Hoc|x64.Build.0 = Release|x64
		{E9B56B2F-6911-468C-9987-B3717D99BBAE}.Ad-Hoc|x64.Deploy.0 = Release|x64
		{E9B56B2F-6911-468C-9987-B3717D99BBAE}.Ad-Hoc|x86.ActiveCfg = Release|x86
		{E9B56B2F-6911-468C-9987-B3717D99BBAE}.Ad-Hoc|x86.Build.0 = Release|x86
		{E9B56B2F-6911-468C-9987-B3717D99BBAE}.Ad-Hoc|x86.Deploy.0 = Release|x86
		{E9B56B2F-6911-468C-9987-B3717D99BBAE}.AppStore|Any CPU.ActiveCfg = Release|x86
		{E9B56B2F-6911-468C-9987-B3717D99BBAE}.AppStore|Any CPU.Build.0 = Release|x86
		{E9B56B2F-6911-468C-9987-B3717D99BBAE}.AppStore|Any CPU.Deploy.0 = Release|x86
		{E9B56B2F-6911-468C-9987-B3717D99BBAE}.AppStore|ARM.ActiveCfg = Release|ARM
		{E9B56B2F-6911-468C-9987-B3717D99BBAE}.AppStore|ARM.Build.0 = Release|ARM
		{E9B56B2F-6911-468C-9987-B3717D99BBAE}.AppStore|ARM.Deploy.0 = Release|ARM
		{E9B56B2F-6911-468C-9987-B3717D99BBAE}.AppStore|iPhone.ActiveCfg = Release|x86
		{E9B56B2F-6911-468C-9987-B3717D99BBAE}.AppStore|iPhone.Build.0 = Release|x86
		{E9B56B2F-6911-468C-9987-B3717D99BBAE}.AppStore|iPhone.Deploy.0 = Release|x86
		{E9B56B2F-6911-468C-9987-B3717D99BBAE}.AppStore|iPhoneSimulator.ActiveCfg = Release|x86
		{E9B56B2F-6911-468C-9987-B3717D99BBAE}.AppStore|iPhoneSimulator.Build.0 = Release|x86
		{E9B56B2F-6911-468C-9987-B3717D99BBAE}.AppStore|iPhoneSimulator.Deploy.0 = Release|x86
		{E9B56B2F-6911-468C-9987-B3717D99BBAE}.AppStore|x64.ActiveCfg = Release|x64
		{E9B56B2F-6911-468C-9987-B3717D99BBAE}.AppStore|x64.Build.0 = Release|x64
		{E9B56B2F-6911-468C-9987-B3717D99BBAE}.AppStore|x64.Deploy.0 = Release|x64
		{E9B56B2F-6911-468C-9987-B3717D99BBAE}.AppStore|x86.ActiveCfg = Release|x86
		{E9B56B2F-6911-468C-9987-B3717D99BBAE}.AppStore|x86.Build.0 = Release|x86
		{E9B56B2F-6911-468C-9987-B3717D99BBAE}.AppStore|x86.Deploy.0 = Release|x86
		{E9B56B2F-6911-468C-9987-B3717D99BBAE}.Debug|Any CPU.ActiveCfg = Debug|x86
		{E9B56B2F-6911-468C-9987-B3717D99BBAE}.Debug|ARM.ActiveCfg = Debug|ARM
		{E9B56B2F-6911-468C-9987-B3717D99BBAE}.Debug|ARM.Build.0 = Debug|ARM
		{E9B56B2F-6911-468C-9987-B3717D99BBAE}.Debug|ARM.Deploy.0 = Debug|ARM
		{E9B56B2F-6911-468C-9987-B3717D99BBAE}.Debug|iPhone.ActiveCfg = Debug|x86
		{E9B56B2F-6911-468C-9987-B3717D99BBAE}.Debug|iPhoneSimulator.ActiveCfg = Debug|x86
		{E9B56B2F-6911-468C-9987-B3717D99BBAE}.Debug|x64.ActiveCfg = Debug|x64
		{E9B56B2F-6911-468C-9987-B3717D99BBAE}.Debug|x64.Build.0 = Debug|x64
		{E9B56B2F-6911-468C-9987-B3717D99BBAE}.Debug|x64.Deploy.0 = Debug|x64
		{E9B56B2F-6911-468C-9987-B3717D99BBAE}.Debug|x86.ActiveCfg = Debug|x86
		{E9B56B2F-6911-468C-9987-B3717D99BBAE}.Debug|x86.Build.0 = Debug|x86
		{E9B56B2F-6911-468C-9987-B3717D99BBAE}.Debug|x86.Deploy.0 = Debug|x86
		{E9B56B2F-6911-468C-9987-B3717D99BBAE}.Release|Any CPU.ActiveCfg = Release|x86
		{E9B56B2F-6911-468C-9987-B3717D99BBAE}.Release|ARM.ActiveCfg = Release|ARM
		{E9B56B2F-6911-468C-9987-B3717D99BBAE}.Release|ARM.Build.0 = Release|ARM
		{E9B56B2F-6911-468C-9987-B3717D99BBAE}.Release|ARM.Deploy.0 = Release|ARM
		{E9B56B2F-6911-468C-9987-B3717D99BBAE}.Release|iPhone.ActiveCfg = Release|x86
		{E9B56B2F-6911-468C-9987-B3717D99BBAE}.Release|iPhoneSimulator.ActiveCfg = Release|x86
		{E9B56B2F-6911-468C-9987-B3717D99BBAE}.Release|x64.ActiveCfg = Release|x64
		{E9B56B2F-6911-468C-9987-B3717D99BBAE}.Release|x64.Build.0 = Release|x64
		{E9B56B2F-6911-468C-9987-B3717D99BBAE}.Release|x64.Deploy.0 = Release|x64
		{E9B56B2F-6911-468C-9987-B3717D99BBAE}.Release|x86.ActiveCfg = Release|x86
		{E9B56B2F-6911-468C-9987-B3717D99BBAE}.Release|x86.Build.0 = Release|x86
		{E9B56B2F-6911-468C-9987-B3717D99BBAE}.Release|x86.Deploy.0 = Release|x86
	EndGlobalSection
	GlobalSection(SolutionProperties) = preSolution
		HideSolutionNode = FALSE
	EndGlobalSection
	GlobalSection(ExtensibilityGlobals) = postSolution
		SolutionGuid = {C741DF7E-E250-4BC6-8EFE-729B0FF9B81C}
	EndGlobalSection
EndGlobal
